{
  "requires": true,
  "lockfileVersion": 1,
  "dependencies": {
    "cordstyle": {
      "version": "1.0.0",
      "resolved": "https://registry.npmjs.org/cordstyle/-/cordstyle-1.0.0.tgz",
      "integrity": "sha512-IXBdQoSzetfs90cSS8gzLhsYYLSap0cGLoGKxtvJfmEuChdiyNhAIDJ4vIEytHHLe2NPRCeInOFopOz3e1wz3Q=="
    }
  }
}
